// !$*UTF8*$!
{
	archiveVersion = 1;
	classes = {
	};
	objectVersion = 46;
	objects = {

/* Begin PBXBuildFile section */
		732756931BD8FA9600B2045E /* VSTourImageView.m in Sources */ = {isa = PBXBuildFile; fileRef = 732756921BD8FA9600B2045E /* VSTourImageView.m */; settings = {ASSET_TAGS = (); }; };
		732756961BD8FE8B00B2045E /* VSTransformUtility.m in Sources */ = {isa = PBXBuildFile; fileRef = 732756951BD8FE8B00B2045E /* VSTransformUtility.m */; settings = {ASSET_TAGS = (); }; };
		732756C21BD91C6600B2045E /* TourImageModel.xcdatamodeld in Sources */ = {isa = PBXBuildFile; fileRef = 732756C01BD91C6600B2045E /* TourImageModel.xcdatamodeld */; settings = {ASSET_TAGS = (); }; };
		732756CF1BD91E3B00B2045E /* ImageLink+CoreDataProperties.m in Sources */ = {isa = PBXBuildFile; fileRef = 732756C41BD91E3B00B2045E /* ImageLink+CoreDataProperties.m */; settings = {ASSET_TAGS = (); }; };
		732756D01BD91E3B00B2045E /* ImageLink.m in Sources */ = {isa = PBXBuildFile; fileRef = 732756C61BD91E3B00B2045E /* ImageLink.m */; settings = {ASSET_TAGS = (); }; };
		732756D11BD91E3B00B2045E /* FullImage+CoreDataProperties.m in Sources */ = {isa = PBXBuildFile; fileRef = 732756C81BD91E3B00B2045E /* FullImage+CoreDataProperties.m */; settings = {ASSET_TAGS = (); }; };
		732756D21BD91E3B00B2045E /* FullImage.m in Sources */ = {isa = PBXBuildFile; fileRef = 732756CA1BD91E3B00B2045E /* FullImage.m */; settings = {ASSET_TAGS = (); }; };
		732756D31BD91E3B00B2045E /* TourImage+CoreDataProperties.m in Sources */ = {isa = PBXBuildFile; fileRef = 732756CC1BD91E3B00B2045E /* TourImage+CoreDataProperties.m */; settings = {ASSET_TAGS = (); }; };
		732756D41BD91E3B00B2045E /* TourImage.m in Sources */ = {isa = PBXBuildFile; fileRef = 732756CE1BD91E3B00B2045E /* TourImage.m */; settings = {ASSET_TAGS = (); }; };
		734403171BD671C800B1FFD3 /* UIImage+Resize.m in Sources */ = {isa = PBXBuildFile; fileRef = 734403161BD671C800B1FFD3 /* UIImage+Resize.m */; settings = {ASSET_TAGS = (); }; };
		7344031B1BD674D900B1FFD3 /* VSDocument+URLManagement.m in Sources */ = {isa = PBXBuildFile; fileRef = 7344031A1BD674D900B1FFD3 /* VSDocument+URLManagement.m */; settings = {ASSET_TAGS = (); }; };
		7344031F1BD6750400B1FFD3 /* VSDocument.m in Sources */ = {isa = PBXBuildFile; fileRef = 7344031E1BD6750400B1FFD3 /* VSDocument.m */; settings = {ASSET_TAGS = (); }; };
		735BC48D1BD5347B00BD960D /* main.m in Sources */ = {isa = PBXBuildFile; fileRef = 735BC48C1BD5347B00BD960D /* main.m */; };
		735BC4901BD5347B00BD960D /* AppDelegate.m in Sources */ = {isa = PBXBuildFile; fileRef = 735BC48F1BD5347B00BD960D /* AppDelegate.m */; };
		735BC4B91BD53F0700BD960D /* VSTableCell.m in Sources */ = {isa = PBXBuildFile; fileRef = 735BC4B81BD53F0700BD960D /* VSTableCell.m */; settings = {ASSET_TAGS = (); }; };
		735BC4C31BD542A400BD960D /* VSDocumentsViewController.m in Sources */ = {isa = PBXBuildFile; fileRef = 735BC4C01BD542A400BD960D /* VSDocumentsViewController.m */; settings = {ASSET_TAGS = (); }; };
		735BC4CF1BD5475000BD960D /* VSImagePicker.m in Sources */ = {isa = PBXBuildFile; fileRef = 735BC4CE1BD5475000BD960D /* VSImagePicker.m */; settings = {ASSET_TAGS = (); }; };
		73897F5F1BD7D12F0048AC61 /* VSSelectingRectView.m in Sources */ = {isa = PBXBuildFile; fileRef = 73897F5E1BD7D12F0048AC61 /* VSSelectingRectView.m */; settings = {ASSET_TAGS = (); }; };
		739ED2D81BDA4E8C0044D75D /* VSActivityBarItem.m in Sources */ = {isa = PBXBuildFile; fileRef = 739ED2D71BDA4E8C0044D75D /* VSActivityBarItem.m */; settings = {ASSET_TAGS = (); }; };
		739ED2DB1BDA535C0044D75D /* NSOperationQueue+Sugar.m in Sources */ = {isa = PBXBuildFile; fileRef = 739ED2DA1BDA535C0044D75D /* NSOperationQueue+Sugar.m */; settings = {ASSET_TAGS = (); }; };
		739ED2E21BDA90B80044D75D /* VSDocumentStateManager.m in Sources */ = {isa = PBXBuildFile; fileRef = 739ED2E11BDA90B80044D75D /* VSDocumentStateManager.m */; settings = {ASSET_TAGS = (); }; };
		739ED2E71BDB75860044D75D /* VSPreferences.m in Sources */ = {isa = PBXBuildFile; fileRef = 739ED2E61BDB75860044D75D /* VSPreferences.m */; settings = {ASSET_TAGS = (); }; };
		739ED2F11BDB81F80044D75D /* UIViewController+Messages.m in Sources */ = {isa = PBXBuildFile; fileRef = 739ED2EE1BDB81F80044D75D /* UIViewController+Messages.m */; settings = {ASSET_TAGS = (); }; };
		739ED2F21BDB81F80044D75D /* VSHint.m in Sources */ = {isa = PBXBuildFile; fileRef = 739ED2F01BDB81F80044D75D /* VSHint.m */; settings = {ASSET_TAGS = (); }; };
		739ED2F91BDBA8500044D75D /* VSRootViewController.m in Sources */ = {isa = PBXBuildFile; fileRef = 739ED2F81BDBA8500044D75D /* VSRootViewController.m */; settings = {ASSET_TAGS = (); }; };
		739ED2FB1BDBAEDB0044D75D /* Assets.xcassets in Resources */ = {isa = PBXBuildFile; fileRef = 739ED2FA1BDBAEDB0044D75D /* Assets.xcassets */; settings = {ASSET_TAGS = (); }; };
		739ED3001BDBAEEA0044D75D /* LaunchScreen.storyboard in Resources */ = {isa = PBXBuildFile; fileRef = 739ED2FC1BDBAEEA0044D75D /* LaunchScreen.storyboard */; settings = {ASSET_TAGS = (); }; };
		739ED3011BDBAEEA0044D75D /* Main.storyboard in Resources */ = {isa = PBXBuildFile; fileRef = 739ED2FE1BDBAEEA0044D75D /* Main.storyboard */; settings = {ASSET_TAGS = (); }; };
		739ED3031BDBAF0A0044D75D /* Example_Tour.vs in Resources */ = {isa = PBXBuildFile; fileRef = 739ED3021BDBAF0A0044D75D /* Example_Tour.vs */; settings = {ASSET_TAGS = (); }; };
		739ED3051BDBB1060044D75D /* Settings.bundle in Resources */ = {isa = PBXBuildFile; fileRef = 739ED3041BDBB1060044D75D /* Settings.bundle */; settings = {ASSET_TAGS = (); }; };
		739ED30C1BDBB5720044D75D /* VSBaseTourImageViewController.m in Sources */ = {isa = PBXBuildFile; fileRef = 739ED3071BDBB5720044D75D /* VSBaseTourImageViewController.m */; settings = {ASSET_TAGS = (); }; };
		739ED30E1BDBB5720044D75D /* VSImageTourViewController.m in Sources */ = {isa = PBXBuildFile; fileRef = 739ED30B1BDBB5720044D75D /* VSImageTourViewController.m */; settings = {ASSET_TAGS = (); }; };
		739ED3111BDBB5E60044D75D /* VSThumbnailsSelectionViewController.m in Sources */ = {isa = PBXBuildFile; fileRef = 739ED3101BDBB5E60044D75D /* VSThumbnailsSelectionViewController.m */; settings = {ASSET_TAGS = (); }; };
		739ED3161BDBB5F10044D75D /* VSEditDocumentViewController.m in Sources */ = {isa = PBXBuildFile; fileRef = 739ED3131BDBB5F10044D75D /* VSEditDocumentViewController.m */; settings = {ASSET_TAGS = (); }; };
		739ED3171BDBB5F10044D75D /* VSEditImageViewController.m in Sources */ = {isa = PBXBuildFile; fileRef = 739ED3151BDBB5F10044D75D /* VSEditImageViewController.m */; settings = {ASSET_TAGS = (); }; };
/* End PBXBuildFile section */

/* Begin PBXFileReference section */
		732756911BD8FA9600B2045E /* VSTourImageView.h */ = {isa = PBXFileReference; fileEncoding = 4; lastKnownFileType = sourcecode.c.h; path = VSTourImageView.h; sourceTree = "<group>"; };
		732756921BD8FA9600B2045E /* VSTourImageView.m */ = {isa = PBXFileReference; fileEncoding = 4; lastKnownFileType = sourcecode.c.objc; path = VSTourImageView.m; sourceTree = "<group>"; };
		732756941BD8FE8B00B2045E /* VSTransformUtility.h */ = {isa = PBXFileReference; fileEncoding = 4; lastKnownFileType = sourcecode.c.h; name = VSTransformUtility.h; path = Utils/VSTransformUtility.h; sourceTree = "<group>"; };
		732756951BD8FE8B00B2045E /* VSTransformUtility.m */ = {isa = PBXFileReference; fileEncoding = 4; lastKnownFileType = sourcecode.c.objc; name = VSTransformUtility.m; path = Utils/VSTransformUtility.m; sourceTree = "<group>"; };
		732756C11BD91C6600B2045E /* TourImageModel.xcdatamodel */ = {isa = PBXFileReference; lastKnownFileType = wrapper.xcdatamodel; path = TourImageModel.xcdatamodel; sourceTree = "<group>"; };
		732756C31BD91E3B00B2045E /* ImageLink+CoreDataProperties.h */ = {isa = PBXFileReference; fileEncoding = 4; lastKnownFileType = sourcecode.c.h; name = "ImageLink+CoreDataProperties.h"; path = "CoreData/ImageLink+CoreDataProperties.h"; sourceTree = "<group>"; };
		732756C41BD91E3B00B2045E /* ImageLink+CoreDataProperties.m */ = {isa = PBXFileReference; fileEncoding = 4; lastKnownFileType = sourcecode.c.objc; name = "ImageLink+CoreDataProperties.m"; path = "CoreData/ImageLink+CoreDataProperties.m"; sourceTree = "<group>"; };
		732756C51BD91E3B00B2045E /* ImageLink.h */ = {isa = PBXFileReference; fileEncoding = 4; lastKnownFileType = sourcecode.c.h; name = ImageLink.h; path = CoreData/ImageLink.h; sourceTree = "<group>"; };
		732756C61BD91E3B00B2045E /* ImageLink.m */ = {isa = PBXFileReference; fileEncoding = 4; lastKnownFileType = sourcecode.c.objc; name = ImageLink.m; path = CoreData/ImageLink.m; sourceTree = "<group>"; };
		732756C71BD91E3B00B2045E /* FullImage+CoreDataProperties.h */ = {isa = PBXFileReference; fileEncoding = 4; lastKnownFileType = sourcecode.c.h; name = "FullImage+CoreDataProperties.h"; path = "CoreData/FullImage+CoreDataProperties.h"; sourceTree = "<group>"; };
		732756C81BD91E3B00B2045E /* FullImage+CoreDataProperties.m */ = {isa = PBXFileReference; fileEncoding = 4; lastKnownFileType = sourcecode.c.objc; name = "FullImage+CoreDataProperties.m"; path = "CoreData/FullImage+CoreDataProperties.m"; sourceTree = "<group>"; };
		732756C91BD91E3B00B2045E /* FullImage.h */ = {isa = PBXFileReference; fileEncoding = 4; lastKnownFileType = sourcecode.c.h; name = FullImage.h; path = CoreData/FullImage.h; sourceTree = "<group>"; };
		732756CA1BD91E3B00B2045E /* FullImage.m */ = {isa = PBXFileReference; fileEncoding = 4; lastKnownFileType = sourcecode.c.objc; name = FullImage.m; path = CoreData/FullImage.m; sourceTree = "<group>"; };
		732756CB1BD91E3B00B2045E /* TourImage+CoreDataProperties.h */ = {isa = PBXFileReference; fileEncoding = 4; lastKnownFileType = sourcecode.c.h; name = "TourImage+CoreDataProperties.h"; path = "CoreData/TourImage+CoreDataProperties.h"; sourceTree = "<group>"; };
		732756CC1BD91E3B00B2045E /* TourImage+CoreDataProperties.m */ = {isa = PBXFileReference; fileEncoding = 4; lastKnownFileType = sourcecode.c.objc; name = "TourImage+CoreDataProperties.m"; path = "CoreData/TourImage+CoreDataProperties.m"; sourceTree = "<group>"; };
		732756CD1BD91E3B00B2045E /* TourImage.h */ = {isa = PBXFileReference; fileEncoding = 4; lastKnownFileType = sourcecode.c.h; name = TourImage.h; path = CoreData/TourImage.h; sourceTree = "<group>"; };
		732756CE1BD91E3B00B2045E /* TourImage.m */ = {isa = PBXFileReference; fileEncoding = 4; lastKnownFileType = sourcecode.c.objc; name = TourImage.m; path = CoreData/TourImage.m; sourceTree = "<group>"; };
		734403151BD671C800B1FFD3 /* UIImage+Resize.h */ = {isa = PBXFileReference; fileEncoding = 4; lastKnownFileType = sourcecode.c.h; name = "UIImage+Resize.h"; path = "Utils/Categories/UIImage+Resize.h"; sourceTree = "<group>"; };
		734403161BD671C800B1FFD3 /* UIImage+Resize.m */ = {isa = PBXFileReference; fileEncoding = 4; lastKnownFileType = sourcecode.c.objc; name = "UIImage+Resize.m"; path = "Utils/Categories/UIImage+Resize.m"; sourceTree = "<group>"; };
		734403191BD674D900B1FFD3 /* VSDocument+URLManagement.h */ = {isa = PBXFileReference; fileEncoding = 4; lastKnownFileType = sourcecode.c.h; name = "VSDocument+URLManagement.h"; path = "VSDocument/VSDocument+URLManagement.h"; sourceTree = "<group>"; };
		7344031A1BD674D900B1FFD3 /* VSDocument+URLManagement.m */ = {isa = PBXFileReference; fileEncoding = 4; lastKnownFileType = sourcecode.c.objc; name = "VSDocument+URLManagement.m"; path = "VSDocument/VSDocument+URLManagement.m"; sourceTree = "<group>"; };
		7344031D1BD6750400B1FFD3 /* VSDocument.h */ = {isa = PBXFileReference; fileEncoding = 4; lastKnownFileType = sourcecode.c.h; name = VSDocument.h; path = VSDocument/VSDocument.h; sourceTree = "<group>"; };
		7344031E1BD6750400B1FFD3 /* VSDocument.m */ = {isa = PBXFileReference; fileEncoding = 4; lastKnownFileType = sourcecode.c.objc; name = VSDocument.m; path = VSDocument/VSDocument.m; sourceTree = "<group>"; };
		735BC4881BD5347B00BD960D /* ImageTour.app */ = {isa = PBXFileReference; explicitFileType = wrapper.application; includeInIndex = 0; path = ImageTour.app; sourceTree = BUILT_PRODUCTS_DIR; };
		735BC48C1BD5347B00BD960D /* main.m */ = {isa = PBXFileReference; lastKnownFileType = sourcecode.c.objc; path = main.m; sourceTree = "<group>"; };
		735BC48E1BD5347B00BD960D /* AppDelegate.h */ = {isa = PBXFileReference; lastKnownFileType = sourcecode.c.h; path = AppDelegate.h; sourceTree = "<group>"; };
		735BC48F1BD5347B00BD960D /* AppDelegate.m */ = {isa = PBXFileReference; lastKnownFileType = sourcecode.c.objc; path = AppDelegate.m; sourceTree = "<group>"; };
		735BC4A21BD5347B00BD960D /* Info.plist */ = {isa = PBXFileReference; lastKnownFileType = text.plist.xml; path = Info.plist; sourceTree = "<group>"; };
		735BC4B71BD53F0700BD960D /* VSTableCell.h */ = {isa = PBXFileReference; fileEncoding = 4; lastKnownFileType = sourcecode.c.h; path = VSTableCell.h; sourceTree = "<group>"; };
		735BC4B81BD53F0700BD960D /* VSTableCell.m */ = {isa = PBXFileReference; fileEncoding = 4; lastKnownFileType = sourcecode.c.objc; path = VSTableCell.m; sourceTree = "<group>"; };
		735BC4BF1BD542A400BD960D /* VSDocumentsViewController.h */ = {isa = PBXFileReference; fileEncoding = 4; lastKnownFileType = sourcecode.c.h; path = VSDocumentsViewController.h; sourceTree = "<group>"; };
		735BC4C01BD542A400BD960D /* VSDocumentsViewController.m */ = {isa = PBXFileReference; fileEncoding = 4; lastKnownFileType = sourcecode.c.objc; path = VSDocumentsViewController.m; sourceTree = "<group>"; };
		735BC4CD1BD5475000BD960D /* VSImagePicker.h */ = {isa = PBXFileReference; fileEncoding = 4; lastKnownFileType = sourcecode.c.h; name = VSImagePicker.h; path = ImageTour/sources/Utils/ImagePicker/VSImagePicker.h; sourceTree = SOURCE_ROOT; };
		735BC4CE1BD5475000BD960D /* VSImagePicker.m */ = {isa = PBXFileReference; fileEncoding = 4; lastKnownFileType = sourcecode.c.objc; name = VSImagePicker.m; path = ImageTour/sources/Utils/ImagePicker/VSImagePicker.m; sourceTree = SOURCE_ROOT; };
		73897F5D1BD7D12F0048AC61 /* VSSelectingRectView.h */ = {isa = PBXFileReference; fileEncoding = 4; lastKnownFileType = sourcecode.c.h; name = VSSelectingRectView.h; path = ImageTour/sources/view/VSSelectingRectView.h; sourceTree = SOURCE_ROOT; };
		73897F5E1BD7D12F0048AC61 /* VSSelectingRectView.m */ = {isa = PBXFileReference; fileEncoding = 4; lastKnownFileType = sourcecode.c.objc; name = VSSelectingRectView.m; path = ImageTour/sources/view/VSSelectingRectView.m; sourceTree = SOURCE_ROOT; };
		739ED2D61BDA4E8C0044D75D /* VSActivityBarItem.h */ = {isa = PBXFileReference; fileEncoding = 4; lastKnownFileType = sourcecode.c.h; path = VSActivityBarItem.h; sourceTree = "<group>"; };
		739ED2D71BDA4E8C0044D75D /* VSActivityBarItem.m */ = {isa = PBXFileReference; fileEncoding = 4; lastKnownFileType = sourcecode.c.objc; path = VSActivityBarItem.m; sourceTree = "<group>"; };
		739ED2D91BDA535C0044D75D /* NSOperationQueue+Sugar.h */ = {isa = PBXFileReference; fileEncoding = 4; lastKnownFileType = sourcecode.c.h; name = "NSOperationQueue+Sugar.h"; path = "Utils/Categories/NSOperationQueue+Sugar.h"; sourceTree = "<group>"; };
		739ED2DA1BDA535C0044D75D /* NSOperationQueue+Sugar.m */ = {isa = PBXFileReference; fileEncoding = 4; lastKnownFileType = sourcecode.c.objc; name = "NSOperationQueue+Sugar.m"; path = "Utils/Categories/NSOperationQueue+Sugar.m"; sourceTree = "<group>"; };
		739ED2E01BDA90B80044D75D /* VSDocumentStateManager.h */ = {isa = PBXFileReference; fileEncoding = 4; lastKnownFileType = sourcecode.c.h; name = VSDocumentStateManager.h; path = Managers/VSDocumentStateManager.h; sourceTree = "<group>"; };
		739ED2E11BDA90B80044D75D /* VSDocumentStateManager.m */ = {isa = PBXFileReference; fileEncoding = 4; lastKnownFileType = sourcecode.c.objc; name = VSDocumentStateManager.m; path = Managers/VSDocumentStateManager.m; sourceTree = "<group>"; };
		739ED2E51BDB75860044D75D /* VSPreferences.h */ = {isa = PBXFileReference; fileEncoding = 4; lastKnownFileType = sourcecode.c.h; name = VSPreferences.h; path = Managers/VSPreferences.h; sourceTree = "<group>"; };
		739ED2E61BDB75860044D75D /* VSPreferences.m */ = {isa = PBXFileReference; fileEncoding = 4; lastKnownFileType = sourcecode.c.objc; name = VSPreferences.m; path = Managers/VSPreferences.m; sourceTree = "<group>"; };
		739ED2ED1BDB81F80044D75D /* UIViewController+Messages.h */ = {isa = PBXFileReference; fileEncoding = 4; lastKnownFileType = sourcecode.c.h; name = "UIViewController+Messages.h"; path = "Utils/Categories/Messages/UIViewController+Messages.h"; sourceTree = "<group>"; };
		739ED2EE1BDB81F80044D75D /* UIViewController+Messages.m */ = {isa = PBXFileReference; fileEncoding = 4; lastKnownFileType = sourcecode.c.objc; name = "UIViewController+Messages.m"; path = "Utils/Categories/Messages/UIViewController+Messages.m"; sourceTree = "<group>"; };
		739ED2EF1BDB81F80044D75D /* VSHint.h */ = {isa = PBXFileReference; fileEncoding = 4; lastKnownFileType = sourcecode.c.h; name = VSHint.h; path = Utils/Categories/Messages/VSHint.h; sourceTree = "<group>"; };
		739ED2F01BDB81F80044D75D /* VSHint.m */ = {isa = PBXFileReference; fileEncoding = 4; lastKnownFileType = sourcecode.c.objc; name = VSHint.m; path = Utils/Categories/Messages/VSHint.m; sourceTree = "<group>"; };
		739ED2F71BDBA8500044D75D /* VSRootViewController.h */ = {isa = PBXFileReference; fileEncoding = 4; lastKnownFileType = sourcecode.c.h; path = VSRootViewController.h; sourceTree = "<group>"; };
		739ED2F81BDBA8500044D75D /* VSRootViewController.m */ = {isa = PBXFileReference; fileEncoding = 4; lastKnownFileType = sourcecode.c.objc; path = VSRootViewController.m; sourceTree = "<group>"; };
		739ED2FA1BDBAEDB0044D75D /* Assets.xcassets */ = {isa = PBXFileReference; lastKnownFileType = folder.assetcatalog; name = Assets.xcassets; path = resorces/Assets.xcassets; sourceTree = "<group>"; };
		739ED2FD1BDBAEEA0044D75D /* Base */ = {isa = PBXFileReference; lastKnownFileType = file.storyboard; name = Base; path = resorces/Base.lproj/LaunchScreen.storyboard; sourceTree = "<group>"; };
		739ED2FF1BDBAEEA0044D75D /* Base */ = {isa = PBXFileReference; lastKnownFileType = file.storyboard; name = Base; path = resorces/Base.lproj/Main.storyboard; sourceTree = "<group>"; };
		739ED3021BDBAF0A0044D75D /* Example_Tour.vs */ = {isa = PBXFileReference; fileEncoding = 4; lastKnownFileType = sourcecode.glsl; name = Example_Tour.vs; path = resorces/Example_Tour.vs; sourceTree = "<group>"; };
		739ED3041BDBB1060044D75D /* Settings.bundle */ = {isa = PBXFileReference; lastKnownFileType = "wrapper.plug-in"; name = Settings.bundle; path = resorces/Settings.bundle; sourceTree = "<group>"; };
		739ED3061BDBB5720044D75D /* VSBaseTourImageViewController.h */ = {isa = PBXFileReference; fileEncoding = 4; lastKnownFileType = sourcecode.c.h; name = VSBaseTourImageViewController.h; path = ImageTour/sources/ViewControllers/TourImage/VSBaseTourImageViewController.h; sourceTree = SOURCE_ROOT; };
		739ED3071BDBB5720044D75D /* VSBaseTourImageViewController.m */ = {isa = PBXFileReference; fileEncoding = 4; lastKnownFileType = sourcecode.c.objc; name = VSBaseTourImageViewController.m; path = ImageTour/sources/ViewControllers/TourImage/VSBaseTourImageViewController.m; sourceTree = SOURCE_ROOT; };
		739ED30A1BDBB5720044D75D /* VSImageTourViewController.h */ = {isa = PBXFileReference; fileEncoding = 4; lastKnownFileType = sourcecode.c.h; name = VSImageTourViewController.h; path = ImageTour/sources/ViewControllers/TourImage/VSImageTourViewController.h; sourceTree = SOURCE_ROOT; };
		739ED30B1BDBB5720044D75D /* VSImageTourViewController.m */ = {isa = PBXFileReference; fileEncoding = 4; lastKnownFileType = sourcecode.c.objc; name = VSImageTourViewController.m; path = ImageTour/sources/ViewControllers/TourImage/VSImageTourViewController.m; sourceTree = SOURCE_ROOT; };
		739ED30F1BDBB5E60044D75D /* VSThumbnailsSelectionViewController.h */ = {isa = PBXFileReference; fileEncoding = 4; lastKnownFileType = sourcecode.c.h; name = VSThumbnailsSelectionViewController.h; path = EditDocument/VSThumbnailsSelectionViewController.h; sourceTree = "<group>"; };
		739ED3101BDBB5E60044D75D /* VSThumbnailsSelectionViewController.m */ = {isa = PBXFileReference; fileEncoding = 4; lastKnownFileType = sourcecode.c.objc; name = VSThumbnailsSelectionViewController.m; path = EditDocument/VSThumbnailsSelectionViewController.m; sourceTree = "<group>"; };
		739ED3121BDBB5F10044D75D /* VSEditDocumentViewController.h */ = {isa = PBXFileReference; fileEncoding = 4; lastKnownFileType = sourcecode.c.h; name = VSEditDocumentViewController.h; path = EditDocument/VSEditDocumentViewController.h; sourceTree = "<group>"; };
		739ED3131BDBB5F10044D75D /* VSEditDocumentViewController.m */ = {isa = PBXFileReference; fileEncoding = 4; lastKnownFileType = sourcecode.c.objc; name = VSEditDocumentViewController.m; path = EditDocument/VSEditDocumentViewController.m; sourceTree = "<group>"; };
		739ED3141BDBB5F10044D75D /* VSEditImageViewController.h */ = {isa = PBXFileReference; fileEncoding = 4; lastKnownFileType = sourcecode.c.h; name = VSEditImageViewController.h; path = EditDocument/VSEditImageViewController.h; sourceTree = "<group>"; };
		739ED3151BDBB5F10044D75D /* VSEditImageViewController.m */ = {isa = PBXFileReference; fileEncoding = 4; lastKnownFileType = sourcecode.c.objc; name = VSEditImageViewController.m; path = EditDocument/VSEditImageViewController.m; sourceTree = "<group>"; };
/* End PBXFileReference section */

/* Begin PBXFrameworksBuildPhase section */
		735BC4851BD5347B00BD960D /* Frameworks */ = {
			isa = PBXFrameworksBuildPhase;
			buildActionMask = 2147483647;
			files = (
			);
			runOnlyForDeploymentPostprocessing = 0;
		};
/* End PBXFrameworksBuildPhase section */

/* Begin PBXGroup section */
		732756D61BD9345800B2045E /* CoreData Entities */ = {
			isa = PBXGroup;
			children = (
				732756C01BD91C6600B2045E /* TourImageModel.xcdatamodeld */,
				732756C31BD91E3B00B2045E /* ImageLink+CoreDataProperties.h */,
				732756C41BD91E3B00B2045E /* ImageLink+CoreDataProperties.m */,
				732756C51BD91E3B00B2045E /* ImageLink.h */,
				732756C61BD91E3B00B2045E /* ImageLink.m */,
				732756C71BD91E3B00B2045E /* FullImage+CoreDataProperties.h */,
				732756C81BD91E3B00B2045E /* FullImage+CoreDataProperties.m */,
				732756C91BD91E3B00B2045E /* FullImage.h */,
				732756CA1BD91E3B00B2045E /* FullImage.m */,
				732756CB1BD91E3B00B2045E /* TourImage+CoreDataProperties.h */,
				732756CC1BD91E3B00B2045E /* TourImage+CoreDataProperties.m */,
				732756CD1BD91E3B00B2045E /* TourImage.h */,
				732756CE1BD91E3B00B2045E /* TourImage.m */,
			);
			name = "CoreData Entities";
			sourceTree = "<group>";
		};
		732756D71BD9352900B2045E /* TourImage */ = {
			isa = PBXGroup;
			children = (
				739ED3061BDBB5720044D75D /* VSBaseTourImageViewController.h */,
				739ED3071BDBB5720044D75D /* VSBaseTourImageViewController.m */,
				739ED30A1BDBB5720044D75D /* VSImageTourViewController.h */,
				739ED30B1BDBB5720044D75D /* VSImageTourViewController.m */,
			);
			name = TourImage;
			path = TourImageViewControllers;
			sourceTree = "<group>";
		};
		734403181BD671CB00B1FFD3 /* Categories */ = {
			isa = PBXGroup;
			children = (
				739ED2E91BDB81B80044D75D /* Messages */,
				734403151BD671C800B1FFD3 /* UIImage+Resize.h */,
				734403161BD671C800B1FFD3 /* UIImage+Resize.m */,
				739ED2D91BDA535C0044D75D /* NSOperationQueue+Sugar.h */,
				739ED2DA1BDA535C0044D75D /* NSOperationQueue+Sugar.m */,
			);
			name = Categories;
			sourceTree = "<group>";
		};
		7344031C1BD674DF00B1FFD3 /* VSDocument */ = {
			isa = PBXGroup;
			children = (
				734403191BD674D900B1FFD3 /* VSDocument+URLManagement.h */,
				7344031A1BD674D900B1FFD3 /* VSDocument+URLManagement.m */,
				7344031D1BD6750400B1FFD3 /* VSDocument.h */,
				7344031E1BD6750400B1FFD3 /* VSDocument.m */,
			);
			name = VSDocument;
			sourceTree = "<group>";
		};
		735BC47F1BD5347B00BD960D = {
			isa = PBXGroup;
			children = (
				735BC48A1BD5347B00BD960D /* ImageTour */,
				735BC4891BD5347B00BD960D /* Products */,
			);
			sourceTree = "<group>";
		};
		735BC4891BD5347B00BD960D /* Products */ = {
			isa = PBXGroup;
			children = (
				735BC4881BD5347B00BD960D /* ImageTour.app */,
			);
			name = Products;
			sourceTree = "<group>";
		};
		735BC48A1BD5347B00BD960D /* ImageTour */ = {
			isa = PBXGroup;
			children = (
				735BC4A81BD5367F00BD960D /* sources */,
				735BC48B1BD5347B00BD960D /* Supporting Files */,
			);
			path = ImageTour;
			sourceTree = "<group>";
		};
		735BC48B1BD5347B00BD960D /* Supporting Files */ = {
			isa = PBXGroup;
			children = (
				735BC48E1BD5347B00BD960D /* AppDelegate.h */,
				735BC48F1BD5347B00BD960D /* AppDelegate.m */,
				739ED2FA1BDBAEDB0044D75D /* Assets.xcassets */,
				739ED2FC1BDBAEEA0044D75D /* LaunchScreen.storyboard */,
				739ED2FE1BDBAEEA0044D75D /* Main.storyboard */,
				735BC4A21BD5347B00BD960D /* Info.plist */,
				735BC48C1BD5347B00BD960D /* main.m */,
				739ED3041BDBB1060044D75D /* Settings.bundle */,
				739ED3021BDBAF0A0044D75D /* Example_Tour.vs */,
			);
			name = "Supporting Files";
			sourceTree = "<group>";
		};
		735BC4A81BD5367F00BD960D /* sources */ = {
			isa = PBXGroup;
			children = (
				739ED2DF1BDA908E0044D75D /* Manager */,
				735BC4CC1BD5470C00BD960D /* Utils */,
				735BC4BB1BD5427600BD960D /* ViewControllers */,
				735BC4B51BD53EF600BD960D /* view */,
				735BC4AD1BD5367F00BD960D /* model */,
			);
			path = sources;
			sourceTree = "<group>";
		};
		735BC4AD1BD5367F00BD960D /* model */ = {
			isa = PBXGroup;
			children = (
				732756D61BD9345800B2045E /* CoreData Entities */,
				7344031C1BD674DF00B1FFD3 /* VSDocument */,
			);
			path = model;
			sourceTree = "<group>";
		};
		735BC4B51BD53EF600BD960D /* view */ = {
			isa = PBXGroup;
			children = (
				73897F5D1BD7D12F0048AC61 /* VSSelectingRectView.h */,
				73897F5E1BD7D12F0048AC61 /* VSSelectingRectView.m */,
				735BC4B61BD53EF600BD960D /* cells */,
				732756911BD8FA9600B2045E /* VSTourImageView.h */,
				732756921BD8FA9600B2045E /* VSTourImageView.m */,
				739ED2D61BDA4E8C0044D75D /* VSActivityBarItem.h */,
				739ED2D71BDA4E8C0044D75D /* VSActivityBarItem.m */,
			);
			path = view;
			sourceTree = "<group>";
		};
		735BC4B61BD53EF600BD960D /* cells */ = {
			isa = PBXGroup;
			children = (
				735BC4B71BD53F0700BD960D /* VSTableCell.h */,
				735BC4B81BD53F0700BD960D /* VSTableCell.m */,
			);
			path = cells;
			sourceTree = "<group>";
		};
		735BC4BB1BD5427600BD960D /* ViewControllers */ = {
			isa = PBXGroup;
			children = (
				732756D71BD9352900B2045E /* TourImage */,
				73897F5C1BD7D0860048AC61 /* EditDocument */,
				735BC4BF1BD542A400BD960D /* VSDocumentsViewController.h */,
				735BC4C01BD542A400BD960D /* VSDocumentsViewController.m */,
				739ED2F71BDBA8500044D75D /* VSRootViewController.h */,
				739ED2F81BDBA8500044D75D /* VSRootViewController.m */,
			);
			path = ViewControllers;
			sourceTree = "<group>";
		};
		735BC4CB1BD544AE00BD960D /* ImagePicker */ = {
			isa = PBXGroup;
			children = (
				735BC4CD1BD5475000BD960D /* VSImagePicker.h */,
				735BC4CE1BD5475000BD960D /* VSImagePicker.m */,
			);
			name = ImagePicker;
			path = ViewControllers;
			sourceTree = "<group>";
		};
		735BC4CC1BD5470C00BD960D /* Utils */ = {
			isa = PBXGroup;
			children = (
				734403181BD671CB00B1FFD3 /* Categories */,
				735BC4CB1BD544AE00BD960D /* ImagePicker */,
				732756941BD8FE8B00B2045E /* VSTransformUtility.h */,
				732756951BD8FE8B00B2045E /* VSTransformUtility.m */,
			);
			name = Utils;
			sourceTree = "<group>";
		};
		73897F5C1BD7D0860048AC61 /* EditDocument */ = {
			isa = PBXGroup;
			children = (
				739ED3121BDBB5F10044D75D /* VSEditDocumentViewController.h */,
				739ED3131BDBB5F10044D75D /* VSEditDocumentViewController.m */,
				739ED3141BDBB5F10044D75D /* VSEditImageViewController.h */,
				739ED3151BDBB5F10044D75D /* VSEditImageViewController.m */,
				739ED30F1BDBB5E60044D75D /* VSThumbnailsSelectionViewController.h */,
				739ED3101BDBB5E60044D75D /* VSThumbnailsSelectionViewController.m */,
			);
			name = EditDocument;
			sourceTree = "<group>";
		};
		739ED2DF1BDA908E0044D75D /* Manager */ = {
			isa = PBXGroup;
			children = (
				739ED2E01BDA90B80044D75D /* VSDocumentStateManager.h */,
				739ED2E11BDA90B80044D75D /* VSDocumentStateManager.m */,
				739ED2E51BDB75860044D75D /* VSPreferences.h */,
				739ED2E61BDB75860044D75D /* VSPreferences.m */,
			);
			name = Manager;
			sourceTree = "<group>";
		};
		739ED2E91BDB81B80044D75D /* Messages */ = {
			isa = PBXGroup;
			children = (
				739ED2ED1BDB81F80044D75D /* UIViewController+Messages.h */,
				739ED2EE1BDB81F80044D75D /* UIViewController+Messages.m */,
				739ED2EF1BDB81F80044D75D /* VSHint.h */,
				739ED2F01BDB81F80044D75D /* VSHint.m */,
			);
			name = Messages;
			sourceTree = "<group>";
		};
/* End PBXGroup section */

/* Begin PBXNativeTarget section */
		735BC4871BD5347B00BD960D /* ImageTour */ = {
			isa = PBXNativeTarget;
			buildConfigurationList = 735BC4A51BD5347B00BD960D /* Build configuration list for PBXNativeTarget "ImageTour" */;
			buildPhases = (
				735BC4841BD5347B00BD960D /* Sources */,
				735BC4851BD5347B00BD960D /* Frameworks */,
				735BC4861BD5347B00BD960D /* Resources */,
			);
			buildRules = (
			);
			dependencies = (
			);
			name = ImageTour;
			productName = ImageTour;
			productReference = 735BC4881BD5347B00BD960D /* ImageTour.app */;
			productType = "com.apple.product-type.application";
		};
/* End PBXNativeTarget section */

/* Begin PBXProject section */
		735BC4801BD5347B00BD960D /* Project object */ = {
			isa = PBXProject;
			attributes = {
				LastUpgradeCheck = 0700;
				ORGANIZATIONNAME = com.286;
				TargetAttributes = {
					735BC4871BD5347B00BD960D = {
						CreatedOnToolsVersion = 7.0.1;
						DevelopmentTeam = 994D82WT25;
					};
				};
			};
			buildConfigurationList = 735BC4831BD5347B00BD960D /* Build configuration list for PBXProject "ImageTour" */;
			compatibilityVersion = "Xcode 3.2";
			developmentRegion = English;
			hasScannedForEncodings = 0;
			knownRegions = (
				en,
				Base,
			);
			mainGroup = 735BC47F1BD5347B00BD960D;
			productRefGroup = 735BC4891BD5347B00BD960D /* Products */;
			projectDirPath = "";
			projectRoot = "";
			targets = (
				735BC4871BD5347B00BD960D /* ImageTour */,
			);
		};
/* End PBXProject section */

/* Begin PBXResourcesBuildPhase section */
		735BC4861BD5347B00BD960D /* Resources */ = {
			isa = PBXResourcesBuildPhase;
			buildActionMask = 2147483647;
			files = (
				739ED3001BDBAEEA0044D75D /* LaunchScreen.storyboard in Resources */,
				739ED3031BDBAF0A0044D75D /* Example_Tour.vs in Resources */,
				739ED3051BDBB1060044D75D /* Settings.bundle in Resources */,
				739ED2FB1BDBAEDB0044D75D /* Assets.xcassets in Resources */,
				739ED3011BDBAEEA0044D75D /* Main.storyboard in Resources */,
			);
			runOnlyForDeploymentPostprocessing = 0;
		};
/* End PBXResourcesBuildPhase section */

/* Begin PBXSourcesBuildPhase section */
		735BC4841BD5347B00BD960D /* Sources */ = {
			isa = PBXSourcesBuildPhase;
			buildActionMask = 2147483647;
			files = (
				735BC4CF1BD5475000BD960D /* VSImagePicker.m in Sources */,
				73897F5F1BD7D12F0048AC61 /* VSSelectingRectView.m in Sources */,
				732756D11BD91E3B00B2045E /* FullImage+CoreDataProperties.m in Sources */,
				735BC4B91BD53F0700BD960D /* VSTableCell.m in Sources */,
				7344031F1BD6750400B1FFD3 /* VSDocument.m in Sources */,
				735BC4901BD5347B00BD960D /* AppDelegate.m in Sources */,
				739ED3161BDBB5F10044D75D /* VSEditDocumentViewController.m in Sources */,
				739ED2E21BDA90B80044D75D /* VSDocumentStateManager.m in Sources */,
				732756D21BD91E3B00B2045E /* FullImage.m in Sources */,
				739ED2F11BDB81F80044D75D /* UIViewController+Messages.m in Sources */,
				732756931BD8FA9600B2045E /* VSTourImageView.m in Sources */,
				739ED2E71BDB75860044D75D /* VSPreferences.m in Sources */,
				739ED2DB1BDA535C0044D75D /* NSOperationQueue+Sugar.m in Sources */,
				739ED2F91BDBA8500044D75D /* VSRootViewController.m in Sources */,
				739ED2D81BDA4E8C0044D75D /* VSActivityBarItem.m in Sources */,
				735BC48D1BD5347B00BD960D /* main.m in Sources */,
				739ED30C1BDBB5720044D75D /* VSBaseTourImageViewController.m in Sources */,
				739ED30E1BDBB5720044D75D /* VSImageTourViewController.m in Sources */,
				732756D01BD91E3B00B2045E /* ImageLink.m in Sources */,
				732756D31BD91E3B00B2045E /* TourImage+CoreDataProperties.m in Sources */,
				735BC4C31BD542A400BD960D /* VSDocumentsViewController.m in Sources */,
				7344031B1BD674D900B1FFD3 /* VSDocument+URLManagement.m in Sources */,
				734403171BD671C800B1FFD3 /* UIImage+Resize.m in Sources */,
				739ED3171BDBB5F10044D75D /* VSEditImageViewController.m in Sources */,
				732756CF1BD91E3B00B2045E /* ImageLink+CoreDataProperties.m in Sources */,
				732756C21BD91C6600B2045E /* TourImageModel.xcdatamodeld in Sources */,
				732756961BD8FE8B00B2045E /* VSTransformUtility.m in Sources */,
				739ED3111BDBB5E60044D75D /* VSThumbnailsSelectionViewController.m in Sources */,
				732756D41BD91E3B00B2045E /* TourImage.m in Sources */,
				739ED2F21BDB81F80044D75D /* VSHint.m in Sources */,
			);
			runOnlyForDeploymentPostprocessing = 0;
		};
/* End PBXSourcesBuildPhase section */

/* Begin PBXVariantGroup section */
		739ED2FC1BDBAEEA0044D75D /* LaunchScreen.storyboard */ = {
			isa = PBXVariantGroup;
			children = (
				739ED2FD1BDBAEEA0044D75D /* Base */,
			);
			name = LaunchScreen.storyboard;
			sourceTree = "<group>";
		};
		739ED2FE1BDBAEEA0044D75D /* Main.storyboard */ = {
			isa = PBXVariantGroup;
			children = (
				739ED2FF1BDBAEEA0044D75D /* Base */,
			);
			name = Main.storyboard;
			sourceTree = "<group>";
		};
/* End PBXVariantGroup section */

/* Begin XCBuildConfiguration section */
		735BC4A31BD5347B00BD960D /* Debug */ = {
			isa = XCBuildConfiguration;
			buildSettings = {
				ALWAYS_SEARCH_USER_PATHS = NO;
				CLANG_CXX_LANGUAGE_STANDARD = "gnu++0x";
				CLANG_CXX_LIBRARY = "libc++";
				CLANG_ENABLE_MODULES = YES;
				CLANG_ENABLE_OBJC_ARC = YES;
				CLANG_WARN_BOOL_CONVERSION = YES;
				CLANG_WARN_CONSTANT_CONVERSION = YES;
				CLANG_WARN_DIRECT_OBJC_ISA_USAGE = YES_ERROR;
				CLANG_WARN_EMPTY_BODY = YES;
				CLANG_WARN_ENUM_CONVERSION = YES;
				CLANG_WARN_INT_CONVERSION = YES;
				CLANG_WARN_OBJC_ROOT_CLASS = YES_ERROR;
				CLANG_WARN_UNREACHABLE_CODE = YES;
				CLANG_WARN__DUPLICATE_METHOD_MATCH = YES;
				"CODE_SIGN_IDENTITY[sdk=iphoneos*]" = "iPhone Developer";
				COPY_PHASE_STRIP = NO;
				DEBUG_INFORMATION_FORMAT = dwarf;
				ENABLE_STRICT_OBJC_MSGSEND = YES;
				ENABLE_TESTABILITY = YES;
				GCC_C_LANGUAGE_STANDARD = gnu99;
				GCC_DYNAMIC_NO_PIC = NO;
				GCC_NO_COMMON_BLOCKS = YES;
				GCC_OPTIMIZATION_LEVEL = 0;
				GCC_PREPROCESSOR_DEFINITIONS = (
					"DEBUG=1",
					"$(inherited)",
				);
				GCC_WARN_64_TO_32_BIT_CONVERSION = YES;
				GCC_WARN_ABOUT_RETURN_TYPE = YES_ERROR;
				GCC_WARN_UNDECLARED_SELECTOR = YES;
				GCC_WARN_UNINITIALIZED_AUTOS = YES_AGGRESSIVE;
				GCC_WARN_UNUSED_FUNCTION = YES;
				GCC_WARN_UNUSED_VARIABLE = YES;
				IPHONEOS_DEPLOYMENT_TARGET = 9.0;
				MTL_ENABLE_DEBUG_INFO = YES;
				ONLY_ACTIVE_ARCH = YES;
				SDKROOT = iphoneos;
				TARGETED_DEVICE_FAMILY = "1,2";
			};
			name = Debug;
		};
		735BC4A41BD5347B00BD960D /* Release */ = {
			isa = XCBuildConfiguration;
			buildSettings = {
				ALWAYS_SEARCH_USER_PATHS = NO;
				CLANG_CXX_LANGUAGE_STANDARD = "gnu++0x";
				CLANG_CXX_LIBRARY = "libc++";
				CLANG_ENABLE_MODULES = YES;
				CLANG_ENABLE_OBJC_ARC = YES;
				CLANG_WARN_BOOL_CONVERSION = YES;
				CLANG_WARN_CONSTANT_CONVERSION = YES;
				CLANG_WARN_DIRECT_OBJC_ISA_USAGE = YES_ERROR;
				CLANG_WARN_EMPTY_BODY = YES;
				CLANG_WARN_ENUM_CONVERSION = YES;
				CLANG_WARN_INT_CONVERSION = YES;
				CLANG_WARN_OBJC_ROOT_CLASS = YES_ERROR;
				CLANG_WARN_UNREACHABLE_CODE = YES;
				CLANG_WARN__DUPLICATE_METHOD_MATCH = YES;
				"CODE_SIGN_IDENTITY[sdk=iphoneos*]" = "iPhone Developer";
				COPY_PHASE_STRIP = NO;
				DEBUG_INFORMATION_FORMAT = "dwarf-with-dsym";
				ENABLE_NS_ASSERTIONS = NO;
				ENABLE_STRICT_OBJC_MSGSEND = YES;
				GCC_C_LANGUAGE_STANDARD = gnu99;
				GCC_NO_COMMON_BLOCKS = YES;
				GCC_WARN_64_TO_32_BIT_CONVERSION = YES;
				GCC_WARN_ABOUT_RETURN_TYPE = YES_ERROR;
				GCC_WARN_UNDECLARED_SELECTOR = YES;
				GCC_WARN_UNINITIALIZED_AUTOS = YES_AGGRESSIVE;
				GCC_WARN_UNUSED_FUNCTION = YES;
				GCC_WARN_UNUSED_VARIABLE = YES;
				IPHONEOS_DEPLOYMENT_TARGET = 9.0;
				MTL_ENABLE_DEBUG_INFO = NO;
				SDKROOT = iphoneos;
				TARGETED_DEVICE_FAMILY = "1,2";
				VALIDATE_PRODUCT = YES;
			};
			name = Release;
		};
		735BC4A61BD5347B00BD960D /* Debug */ = {
			isa = XCBuildConfiguration;
			buildSettings = {
				ASSETCATALOG_COMPILER_APPICON_NAME = AppIcon;
				CODE_SIGN_IDENTITY = "iPhone Developer";
				INFOPLIST_FILE = ImageTour/Info.plist;
				LD_RUNPATH_SEARCH_PATHS = "$(inherited) @executable_path/Frameworks";
				PRODUCT_BUNDLE_IDENTIFIER = "com.image-tour";
				PRODUCT_NAME = "$(TARGET_NAME)";
			};
			name = Debug;
		};
		735BC4A71BD5347B00BD960D /* Release */ = {
			isa = XCBuildConfiguration;
			buildSettings = {
				ASSETCATALOG_COMPILER_APPICON_NAME = AppIcon;
				CODE_SIGN_IDENTITY = "iPhone Developer";
				INFOPLIST_FILE = ImageTour/Info.plist;
				LD_RUNPATH_SEARCH_PATHS = "$(inherited) @executable_path/Frameworks";
				PRODUCT_BUNDLE_IDENTIFIER = "com.image-tour";
				PRODUCT_NAME = "$(TARGET_NAME)";
			};
			name = Release;
		};
/* End XCBuildConfiguration section */

/* Begin XCConfigurationList section */
		735BC4831BD5347B00BD960D /* Build configuration list for PBXProject "ImageTour" */ = {
			isa = XCConfigurationList;
			buildConfigurations = (
				735BC4A31BD5347B00BD960D /* Debug */,
				735BC4A41BD5347B00BD960D /* Release */,
			);
			defaultConfigurationIsVisible = 0;
			defaultConfigurationName = Release;
		};
		735BC4A51BD5347B00BD960D /* Build configuration list for PBXNativeTarget "ImageTour" */ = {
			isa = XCConfigurationList;
			buildConfigurations = (
				735BC4A61BD5347B00BD960D /* Debug */,
				735BC4A71BD5347B00BD960D /* Release */,
			);
			defaultConfigurationIsVisible = 0;
			defaultConfigurationName = Release;
		};
/* End XCConfigurationList section */

/* Begin XCVersionGroup section */
		732756C01BD91C6600B2045E /* TourImageModel.xcdatamodeld */ = {
			isa = XCVersionGroup;
			children = (
				732756C11BD91C6600B2045E /* TourImageModel.xcdatamodel */,
			);
			currentVersion = 732756C11BD91C6600B2045E /* TourImageModel.xcdatamodel */;
			path = TourImageModel.xcdatamodeld;
			sourceTree = "<group>";
			versionGroupType = wrapper.xcdatamodel;
		};
/* End XCVersionGroup section */
	};
	rootObject = 735BC4801BD5347B00BD960D /* Project object */;
}
